
Microsoft Visual Studio Solution File, Format Version 12.00
# Visual Studio Version 17
VisualStudioVersion = 17.0.31903.59
MinimumVisualStudioVersion = 10.0.40219.1
Project("{FAE04EC0-301F-11D3-BF4B-00C04F79EFBC}") = "BuilderPattern", "BuilderPattern\BuilderPattern.csproj", "{AD4AF68B-8B3F-4F6F-AA2B-BDE2C00222AB}"
EndProject
Global
	GlobalSection(SolutionConfigurationPlatforms) = preSolution
		Debug|Any CPU = Debug|Any CPU
		Release|Any CPU = Release|Any CPU
	EndGlobalSection
	GlobalSection(SolutionProperties) = preSolution
		HideSolutionNode = FALSE
	EndGlobalSection
	GlobalSection(ProjectConfigurationPlatforms) = postSolution
		{AD4AF68B-8B3F-4F6F-AA2B-BDE2C00222AB}.Debug|Any CPU.ActiveCfg = Debug|Any CPU
		{AD4AF68B-8B3F-4F6F-AA2B-BDE2C00222AB}.Debug|Any CPU.Build.0 = Debug|Any CPU
		{AD4AF68B-8B3F-4F6F-AA2B-BDE2C00222AB}.Release|Any CPU.ActiveCfg = Release|Any CPU
		{AD4AF68B-8B3F-4F6F-AA2B-BDE2C00222AB}.Release|Any CPU.Build.0 = Release|Any CPU
	EndGlobalSection
EndGlobal
